// !$*UTF8*$!
{
	archiveVersion = 1;
	classes = {
	};
	objectVersion = 56;
	objects = {

/* Begin PBXBuildFile section */
		CD01A9B52BD5B73600D1E32D /* HabitSetterApp.swift in Sources */ = {isa = PBXBuildFile; fileRef = CD01A9B42BD5B73600D1E32D /* HabitSetterApp.swift */; };
		CD01A9B72BD5B73600D1E32D /* ContentView.swift in Sources */ = {isa = PBXBuildFile; fileRef = CD01A9B62BD5B73600D1E32D /* ContentView.swift */; };
		CD01A9B92BD5B73800D1E32D /* Assets.xcassets in Resources */ = {isa = PBXBuildFile; fileRef = CD01A9B82BD5B73800D1E32D /* Assets.xcassets */; };
		CD01A9BC2BD5B73800D1E32D /* Preview Assets.xcassets in Resources */ = {isa = PBXBuildFile; fileRef = CD01A9BB2BD5B73800D1E32D /* Preview Assets.xcassets */; };
		CD01A9C62BD5B73800D1E32D /* HabitSetterTests.swift in Sources */ = {isa = PBXBuildFile; fileRef = CD01A9C52BD5B73800D1E32D /* HabitSetterTests.swift */; };
		CD01A9D02BD5B73800D1E32D /* HabitSetterUITests.swift in Sources */ = {isa = PBXBuildFile; fileRef = CD01A9CF2BD5B73800D1E32D /* HabitSetterUITests.swift */; };
		CD01A9D22BD5B73800D1E32D /* HabitSetterUITestsLaunchTests.swift in Sources */ = {isa = PBXBuildFile; fileRef = CD01A9D12BD5B73800D1E32D /* HabitSetterUITestsLaunchTests.swift */; };
		CD01A9E22BD6678800D1E32D /* FirebaseAnalytics in Frameworks */ = {isa = PBXBuildFile; productRef = CD01A9E12BD6678800D1E32D /* FirebaseAnalytics */; };
		CD01A9E42BD6678800D1E32D /* FirebaseAnalyticsSwift in Frameworks */ = {isa = PBXBuildFile; productRef = CD01A9E32BD6678800D1E32D /* FirebaseAnalyticsSwift */; };
		CD01A9E62BD6678800D1E32D /* FirebaseAuth in Frameworks */ = {isa = PBXBuildFile; productRef = CD01A9E52BD6678800D1E32D /* FirebaseAuth */; };
		CD01A9E82BD6678800D1E32D /* FirebaseFirestore in Frameworks */ = {isa = PBXBuildFile; productRef = CD01A9E72BD6678800D1E32D /* FirebaseFirestore */; };
		CD01A9EA2BD6678800D1E32D /* FirebaseFirestoreSwift in Frameworks */ = {isa = PBXBuildFile; productRef = CD01A9E92BD6678800D1E32D /* FirebaseFirestoreSwift */; };
		CD01A9EC2BD6678800D1E32D /* FirebaseMessaging in Frameworks */ = {isa = PBXBuildFile; productRef = CD01A9EB2BD6678800D1E32D /* FirebaseMessaging */; };
		CD01A9EE2BD6678800D1E32D /* FirebaseStorage in Frameworks */ = {isa = PBXBuildFile; productRef = CD01A9ED2BD6678800D1E32D /* FirebaseStorage */; };
		CD01A9F22BD66B6100D1E32D /* GoogleService-Info.plist in Resources */ = {isa = PBXBuildFile; fileRef = CD01A9F12BD66B6100D1E32D /* GoogleService-Info.plist */; };
		CD01A9F42BD7056500D1E32D /* SignInView.swift in Sources */ = {isa = PBXBuildFile; fileRef = CD01A9F32BD7056500D1E32D /* SignInView.swift */; };
		CD01A9F72BD705F300D1E32D /* SignUpView.swift in Sources */ = {isa = PBXBuildFile; fileRef = CD01A9F62BD705F300D1E32D /* SignUpView.swift */; };
		CD01A9F92BD9075F00D1E32D /* HabitsView.swift in Sources */ = {isa = PBXBuildFile; fileRef = CD01A9F82BD9075F00D1E32D /* HabitsView.swift */; };
		CD01A9FC2BD9088400D1E32D /* Habit.swift in Sources */ = {isa = PBXBuildFile; fileRef = CD01A9FB2BD9088400D1E32D /* Habit.swift */; };
		CD01AA012BDA675E00D1E32D /* HabitsViewModel.swift in Sources */ = {isa = PBXBuildFile; fileRef = CD01AA002BDA675E00D1E32D /* HabitsViewModel.swift */; };
		CD01AA032BDA72BE00D1E32D /* AddEditHabitView.swift in Sources */ = {isa = PBXBuildFile; fileRef = CD01AA022BDA72BE00D1E32D /* AddEditHabitView.swift */; };
/* End PBXBuildFile section */

/* Begin PBXContainerItemProxy section */
		CD01A9C22BD5B73800D1E32D /* PBXContainerItemProxy */ = {
			isa = PBXContainerItemProxy;
			containerPortal = CD01A9A92BD5B73600D1E32D /* Project object */;
			proxyType = 1;
			remoteGlobalIDString = CD01A9B02BD5B73600D1E32D;
			remoteInfo = HabitSetter;
		};
		CD01A9CC2BD5B73800D1E32D /* PBXContainerItemProxy */ = {
			isa = PBXContainerItemProxy;
			containerPortal = CD01A9A92BD5B73600D1E32D /* Project object */;
			proxyType = 1;
			remoteGlobalIDString = CD01A9B02BD5B73600D1E32D;
			remoteInfo = HabitSetter;
		};
/* End PBXContainerItemProxy section */

/* Begin PBXFileReference section */
		CD01A9B12BD5B73600D1E32D /* HabitSetter.app */ = {isa = PBXFileReference; explicitFileType = wrapper.application; includeInIndex = 0; path = HabitSetter.app; sourceTree = BUILT_PRODUCTS_DIR; };
		CD01A9B42BD5B73600D1E32D /* HabitSetterApp.swift */ = {isa = PBXFileReference; lastKnownFileType = sourcecode.swift; path = HabitSetterApp.swift; sourceTree = "<group>"; };
		CD01A9B62BD5B73600D1E32D /* ContentView.swift */ = {isa = PBXFileReference; lastKnownFileType = sourcecode.swift; path = ContentView.swift; sourceTree = "<group>"; };
		CD01A9B82BD5B73800D1E32D /* Assets.xcassets */ = {isa = PBXFileReference; lastKnownFileType = folder.assetcatalog; path = Assets.xcassets; sourceTree = "<group>"; };
		CD01A9BB2BD5B73800D1E32D /* Preview Assets.xcassets */ = {isa = PBXFileReference; lastKnownFileType = folder.assetcatalog; path = "Preview Assets.xcassets"; sourceTree = "<group>"; };
		CD01A9C12BD5B73800D1E32D /* HabitSetterTests.xctest */ = {isa = PBXFileReference; explicitFileType = wrapper.cfbundle; includeInIndex = 0; path = HabitSetterTests.xctest; sourceTree = BUILT_PRODUCTS_DIR; };
		CD01A9C52BD5B73800D1E32D /* HabitSetterTests.swift */ = {isa = PBXFileReference; lastKnownFileType = sourcecode.swift; path = HabitSetterTests.swift; sourceTree = "<group>"; };
		CD01A9CB2BD5B73800D1E32D /* HabitSetterUITests.xctest */ = {isa = PBXFileReference; explicitFileType = wrapper.cfbundle; includeInIndex = 0; path = HabitSetterUITests.xctest; sourceTree = BUILT_PRODUCTS_DIR; };
		CD01A9CF2BD5B73800D1E32D /* HabitSetterUITests.swift */ = {isa = PBXFileReference; lastKnownFileType = sourcecode.swift; path = HabitSetterUITests.swift; sourceTree = "<group>"; };
		CD01A9D12BD5B73800D1E32D /* HabitSetterUITestsLaunchTests.swift */ = {isa = PBXFileReference; lastKnownFileType = sourcecode.swift; path = HabitSetterUITestsLaunchTests.swift; sourceTree = "<group>"; };
		CD01A9F12BD66B6100D1E32D /* GoogleService-Info.plist */ = {isa = PBXFileReference; fileEncoding = 4; lastKnownFileType = text.plist.xml; path = "GoogleService-Info.plist"; sourceTree = "<group>"; };
		CD01A9F32BD7056500D1E32D /* SignInView.swift */ = {isa = PBXFileReference; lastKnownFileType = sourcecode.swift; path = SignInView.swift; sourceTree = "<group>"; };
		CD01A9F62BD705F300D1E32D /* SignUpView.swift */ = {isa = PBXFileReference; lastKnownFileType = sourcecode.swift; path = SignUpView.swift; sourceTree = "<group>"; };
		CD01A9F82BD9075F00D1E32D /* HabitsView.swift */ = {isa = PBXFileReference; lastKnownFileType = sourcecode.swift; path = HabitsView.swift; sourceTree = "<group>"; };
		CD01A9FB2BD9088400D1E32D /* Habit.swift */ = {isa = PBXFileReference; lastKnownFileType = sourcecode.swift; path = Habit.swift; sourceTree = "<group>"; };
		CD01AA002BDA675E00D1E32D /* HabitsViewModel.swift */ = {isa = PBXFileReference; lastKnownFileType = sourcecode.swift; path = HabitsViewModel.swift; sourceTree = "<group>"; };
		CD01AA022BDA72BE00D1E32D /* AddEditHabitView.swift */ = {isa = PBXFileReference; lastKnownFileType = sourcecode.swift; path = AddEditHabitView.swift; sourceTree = "<group>"; };
/* End PBXFileReference section */

/* Begin PBXFrameworksBuildPhase section */
		CD01A9AE2BD5B73600D1E32D /* Frameworks */ = {
			isa = PBXFrameworksBuildPhase;
			buildActionMask = 2147483647;
			files = (
				CD01A9EC2BD6678800D1E32D /* FirebaseMessaging in Frameworks */,
				CD01A9EA2BD6678800D1E32D /* FirebaseFirestoreSwift in Frameworks */,
				CD01A9E42BD6678800D1E32D /* FirebaseAnalyticsSwift in Frameworks */,
				CD01A9E82BD6678800D1E32D /* FirebaseFirestore in Frameworks */,
				CD01A9EE2BD6678800D1E32D /* FirebaseStorage in Frameworks */,
				CD01A9E62BD6678800D1E32D /* FirebaseAuth in Frameworks */,
				CD01A9E22BD6678800D1E32D /* FirebaseAnalytics in Frameworks */,
			);
			runOnlyForDeploymentPostprocessing = 0;
		};
		CD01A9BE2BD5B73800D1E32D /* Frameworks */ = {
			isa = PBXFrameworksBuildPhase;
			buildActionMask = 2147483647;
			files = (
			);
			runOnlyForDeploymentPostprocessing = 0;
		};
		CD01A9C82BD5B73800D1E32D /* Frameworks */ = {
			isa = PBXFrameworksBuildPhase;
			buildActionMask = 2147483647;
			files = (
			);
			runOnlyForDeploymentPostprocessing = 0;
		};
/* End PBXFrameworksBuildPhase section */

/* Begin PBXGroup section */
		CD01A9A82BD5B73600D1E32D = {
			isa = PBXGroup;
			children = (
				CD01A9B32BD5B73600D1E32D /* HabitSetter */,
				CD01A9C42BD5B73800D1E32D /* HabitSetterTests */,
				CD01A9CE2BD5B73800D1E32D /* HabitSetterUITests */,
				CD01A9B22BD5B73600D1E32D /* Products */,
			);
			sourceTree = "<group>";
		};
		CD01A9B22BD5B73600D1E32D /* Products */ = {
			isa = PBXGroup;
			children = (
				CD01A9B12BD5B73600D1E32D /* HabitSetter.app */,
				CD01A9C12BD5B73800D1E32D /* HabitSetterTests.xctest */,
				CD01A9CB2BD5B73800D1E32D /* HabitSetterUITests.xctest */,
			);
			name = Products;
			sourceTree = "<group>";
		};
		CD01A9B32BD5B73600D1E32D /* HabitSetter */ = {
			isa = PBXGroup;
			children = (
				CD01A9FD2BDA66D200D1E32D /* ViewModels */,
				CD01A9FA2BD9087900D1E32D /* Models */,
				CD01A9F52BD705B400D1E32D /* Views */,
				CD01A9F12BD66B6100D1E32D /* GoogleService-Info.plist */,
				CD01A9B42BD5B73600D1E32D /* HabitSetterApp.swift */,
				CD01A9B82BD5B73800D1E32D /* Assets.xcassets */,
				CD01A9BA2BD5B73800D1E32D /* Preview Content */,
			);
			path = HabitSetter;
			sourceTree = "<group>";
		};
		CD01A9BA2BD5B73800D1E32D /* Preview Content */ = {
			isa = PBXGroup;
			children = (
				CD01A9BB2BD5B73800D1E32D /* Preview Assets.xcassets */,
			);
			path = "Preview Content";
			sourceTree = "<group>";
		};
		CD01A9C42BD5B73800D1E32D /* HabitSetterTests */ = {
			isa = PBXGroup;
			children = (
				CD01A9C52BD5B73800D1E32D /* HabitSetterTests.swift */,
			);
			path = HabitSetterTests;
			sourceTree = "<group>";
		};
		CD01A9CE2BD5B73800D1E32D /* HabitSetterUITests */ = {
			isa = PBXGroup;
			children = (
				CD01A9CF2BD5B73800D1E32D /* HabitSetterUITests.swift */,
				CD01A9D12BD5B73800D1E32D /* HabitSetterUITestsLaunchTests.swift */,
			);
			path = HabitSetterUITests;
			sourceTree = "<group>";
		};
		CD01A9F52BD705B400D1E32D /* Views */ = {
			isa = PBXGroup;
			children = (
				CD01A9F32BD7056500D1E32D /* SignInView.swift */,
				CD01A9F62BD705F300D1E32D /* SignUpView.swift */,
				CD01A9B62BD5B73600D1E32D /* ContentView.swift */,
				CD01A9F82BD9075F00D1E32D /* HabitsView.swift */,
				CD01AA022BDA72BE00D1E32D /* AddEditHabitView.swift */,
			);
			path = Views;
			sourceTree = "<group>";
		};
		CD01A9FA2BD9087900D1E32D /* Models */ = {
			isa = PBXGroup;
			children = (
				CD01A9FB2BD9088400D1E32D /* Habit.swift */,
			);
			path = Models;
			sourceTree = "<group>";
		};
		CD01A9FD2BDA66D200D1E32D /* ViewModels */ = {
			isa = PBXGroup;
			children = (
				CD01AA002BDA675E00D1E32D /* HabitsViewModel.swift */,
			);
			path = ViewModels;
			sourceTree = "<group>";
		};
/* End PBXGroup section */

/* Begin PBXNativeTarget section */
		CD01A9B02BD5B73600D1E32D /* HabitSetter */ = {
			isa = PBXNativeTarget;
			buildConfigurationList = CD01A9D52BD5B73800D1E32D /* Build configuration list for PBXNativeTarget "HabitSetter" */;
			buildPhases = (
				CD01A9AD2BD5B73600D1E32D /* Sources */,
				CD01A9AE2BD5B73600D1E32D /* Frameworks */,
				CD01A9AF2BD5B73600D1E32D /* Resources */,
			);
			buildRules = (
			);
			dependencies = (
			);
			name = HabitSetter;
			packageProductDependencies = (
				CD01A9E12BD6678800D1E32D /* FirebaseAnalytics */,
				CD01A9E32BD6678800D1E32D /* FirebaseAnalyticsSwift */,
				CD01A9E52BD6678800D1E32D /* FirebaseAuth */,
				CD01A9E72BD6678800D1E32D /* FirebaseFirestore */,
				CD01A9E92BD6678800D1E32D /* FirebaseFirestoreSwift */,
				CD01A9EB2BD6678800D1E32D /* FirebaseMessaging */,
				CD01A9ED2BD6678800D1E32D /* FirebaseStorage */,
			);
			productName = HabitSetter;
			productReference = CD01A9B12BD5B73600D1E32D /* HabitSetter.app */;
			productType = "com.apple.product-type.application";
		};
		CD01A9C02BD5B73800D1E32D /* HabitSetterTests */ = {
			isa = PBXNativeTarget;
			buildConfigurationList = CD01A9D82BD5B73800D1E32D /* Build configuration list for PBXNativeTarget "HabitSetterTests" */;
			buildPhases = (
				CD01A9BD2BD5B73800D1E32D /* Sources */,
				CD01A9BE2BD5B73800D1E32D /* Frameworks */,
				CD01A9BF2BD5B73800D1E32D /* Resources */,
			);
			buildRules = (
			);
			dependencies = (
				CD01A9C32BD5B73800D1E32D /* PBXTargetDependency */,
			);
			name = HabitSetterTests;
			productName = HabitSetterTests;
			productReference = CD01A9C12BD5B73800D1E32D /* HabitSetterTests.xctest */;
			productType = "com.apple.product-type.bundle.unit-test";
		};
		CD01A9CA2BD5B73800D1E32D /* HabitSetterUITests */ = {
			isa = PBXNativeTarget;
			buildConfigurationList = CD01A9DB2BD5B73800D1E32D /* Build configuration list for PBXNativeTarget "HabitSetterUITests" */;
			buildPhases = (
				CD01A9C72BD5B73800D1E32D /* Sources */,
				CD01A9C82BD5B73800D1E32D /* Frameworks */,
				CD01A9C92BD5B73800D1E32D /* Resources */,
			);
			buildRules = (
			);
			dependencies = (
				CD01A9CD2BD5B73800D1E32D /* PBXTargetDependency */,
			);
			name = HabitSetterUITests;
			productName = HabitSetterUITests;
			productReference = CD01A9CB2BD5B73800D1E32D /* HabitSetterUITests.xctest */;
			productType = "com.apple.product-type.bundle.ui-testing";
		};
/* End PBXNativeTarget section */

/* Begin PBXProject section */
		CD01A9A92BD5B73600D1E32D /* Project object */ = {
			isa = PBXProject;
			attributes = {
				BuildIndependentTargetsInParallel = 1;
				LastSwiftUpdateCheck = 1530;
				LastUpgradeCheck = 1530;
				TargetAttributes = {
					CD01A9B02BD5B73600D1E32D = {
						CreatedOnToolsVersion = 15.3;
					};
					CD01A9C02BD5B73800D1E32D = {
						CreatedOnToolsVersion = 15.3;
						TestTargetID = CD01A9B02BD5B73600D1E32D;
					};
					CD01A9CA2BD5B73800D1E32D = {
						CreatedOnToolsVersion = 15.3;
						TestTargetID = CD01A9B02BD5B73600D1E32D;
					};
				};
			};
			buildConfigurationList = CD01A9AC2BD5B73600D1E32D /* Build configuration list for PBXProject "HabitSetter" */;
			compatibilityVersion = "Xcode 14.0";
			developmentRegion = en;
			hasScannedForEncodings = 0;
			knownRegions = (
				en,
				Base,
			);
			mainGroup = CD01A9A82BD5B73600D1E32D;
			packageReferences = (
				CD01A9E02BD6678800D1E32D /* XCRemoteSwiftPackageReference "firebase-ios-sdk" */,
			);
			productRefGroup = CD01A9B22BD5B73600D1E32D /* Products */;
			projectDirPath = "";
			projectRoot = "";
			targets = (
				CD01A9B02BD5B73600D1E32D /* HabitSetter */,
				CD01A9C02BD5B73800D1E32D /* HabitSetterTests */,
				CD01A9CA2BD5B73800D1E32D /* HabitSetterUITests */,
			);
		};
/* End PBXProject section */

/* Begin PBXResourcesBuildPhase section */
		CD01A9AF2BD5B73600D1E32D /* Resources */ = {
			isa = PBXResourcesBuildPhase;
			buildActionMask = 2147483647;
			files = (
				CD01A9BC2BD5B73800D1E32D /* Preview Assets.xcassets in Resources */,
				CD01A9B92BD5B73800D1E32D /* Assets.xcassets in Resources */,
				CD01A9F22BD66B6100D1E32D /* GoogleService-Info.plist in Resources */,
			);
			runOnlyForDeploymentPostprocessing = 0;
		};
		CD01A9BF2BD5B73800D1E32D /* Resources */ = {
			isa = PBXResourcesBuildPhase;
			buildActionMask = 2147483647;
			files = (
			);
			runOnlyForDeploymentPostprocessing = 0;
		};
		CD01A9C92BD5B73800D1E32D /* Resources */ = {
			isa = PBXResourcesBuildPhase;
			buildActionMask = 2147483647;
			files = (
			);
			runOnlyForDeploymentPostprocessing = 0;
		};
/* End PBXResourcesBuildPhase section */

/* Begin PBXSourcesBuildPhase section */
		CD01A9AD2BD5B73600D1E32D /* Sources */ = {
			isa = PBXSourcesBuildPhase;
			buildActionMask = 2147483647;
			files = (
				CD01A9FC2BD9088400D1E32D /* Habit.swift in Sources */,
				CD01A9F72BD705F300D1E32D /* SignUpView.swift in Sources */,
				CD01A9F42BD7056500D1E32D /* SignInView.swift in Sources */,
				CD01AA032BDA72BE00D1E32D /* AddEditHabitView.swift in Sources */,
				CD01A9B72BD5B73600D1E32D /* ContentView.swift in Sources */,
				CD01A9F92BD9075F00D1E32D /* HabitsView.swift in Sources */,
				CD01AA012BDA675E00D1E32D /* HabitsViewModel.swift in Sources */,
				CD01A9B52BD5B73600D1E32D /* HabitSetterApp.swift in Sources */,
			);
			runOnlyForDeploymentPostprocessing = 0;
		};
		CD01A9BD2BD5B73800D1E32D /* Sources */ = {
			isa = PBXSourcesBuildPhase;
			buildActionMask = 2147483647;
			files = (
				CD01A9C62BD5B73800D1E32D /* HabitSetterTests.swift in Sources */,
			);
			runOnlyForDeploymentPostprocessing = 0;
		};
		CD01A9C72BD5B73800D1E32D /* Sources */ = {
			isa = PBXSourcesBuildPhase;
			buildActionMask = 2147483647;
			files = (
				CD01A9D22BD5B73800D1E32D /* HabitSetterUITestsLaunchTests.swift in Sources */,
				CD01A9D02BD5B73800D1E32D /* HabitSetterUITests.swift in Sources */,
			);
			runOnlyForDeploymentPostprocessing = 0;
		};
/* End PBXSourcesBuildPhase section */

/* Begin PBXTargetDependency section */
		CD01A9C32BD5B73800D1E32D /* PBXTargetDependency */ = {
			isa = PBXTargetDependency;
			target = CD01A9B02BD5B73600D1E32D /* HabitSetter */;
			targetProxy = CD01A9C22BD5B73800D1E32D /* PBXContainerItemProxy */;
		};
		CD01A9CD2BD5B73800D1E32D /* PBXTargetDependency */ = {
			isa = PBXTargetDependency;
			target = CD01A9B02BD5B73600D1E32D /* HabitSetter */;
			targetProxy = CD01A9CC2BD5B73800D1E32D /* PBXContainerItemProxy */;
		};
/* End PBXTargetDependency section */

/* Begin XCBuildConfiguration section */
		CD01A9D32BD5B73800D1E32D /* Debug */ = {
			isa = XCBuildConfiguration;
			buildSettings = {
				ALWAYS_SEARCH_USER_PATHS = NO;
				ASSETCATALOG_COMPILER_GENERATE_SWIFT_ASSET_SYMBOL_EXTENSIONS = YES;
				CLANG_ANALYZER_NONNULL = YES;
				CLANG_ANALYZER_NUMBER_OBJECT_CONVERSION = YES_AGGRESSIVE;
				CLANG_CXX_LANGUAGE_STANDARD = "gnu++20";
				CLANG_ENABLE_MODULES = YES;
				CLANG_ENABLE_OBJC_ARC = YES;
				CLANG_ENABLE_OBJC_WEAK = YES;
				CLANG_WARN_BLOCK_CAPTURE_AUTORELEASING = YES;
				CLANG_WARN_BOOL_CONVERSION = YES;
				CLANG_WARN_COMMA = YES;
				CLANG_WARN_CONSTANT_CONVERSION = YES;
				CLANG_WARN_DEPRECATED_OBJC_IMPLEMENTATIONS = YES;
				CLANG_WARN_DIRECT_OBJC_ISA_USAGE = YES_ERROR;
				CLANG_WARN_DOCUMENTATION_COMMENTS = YES;
				CLANG_WARN_EMPTY_BODY = YES;
				CLANG_WARN_ENUM_CONVERSION = YES;
				CLANG_WARN_INFINITE_RECURSION = YES;
				CLANG_WARN_INT_CONVERSION = YES;
				CLANG_WARN_NON_LITERAL_NULL_CONVERSION = YES;
				CLANG_WARN_OBJC_IMPLICIT_RETAIN_SELF = YES;
				CLANG_WARN_OBJC_LITERAL_CONVERSION = YES;
				CLANG_WARN_OBJC_ROOT_CLASS = YES_ERROR;
				CLANG_WARN_QUOTED_INCLUDE_IN_FRAMEWORK_HEADER = YES;
				CLANG_WARN_RANGE_LOOP_ANALYSIS = YES;
				CLANG_WARN_STRICT_PROTOTYPES = YES;
				CLANG_WARN_SUSPICIOUS_MOVE = YES;
				CLANG_WARN_UNGUARDED_AVAILABILITY = YES_AGGRESSIVE;
				CLANG_WARN_UNREACHABLE_CODE = YES;
				CLANG_WARN__DUPLICATE_METHOD_MATCH = YES;
				COPY_PHASE_STRIP = NO;
				DEBUG_INFORMATION_FORMAT = dwarf;
				ENABLE_STRICT_OBJC_MSGSEND = YES;
				ENABLE_TESTABILITY = YES;
				ENABLE_USER_SCRIPT_SANDBOXING = YES;
				GCC_C_LANGUAGE_STANDARD = gnu17;
				GCC_DYNAMIC_NO_PIC = NO;
				GCC_NO_COMMON_BLOCKS = YES;
				GCC_OPTIMIZATION_LEVEL = 0;
				GCC_PREPROCESSOR_DEFINITIONS = (
					"DEBUG=1",
					"$(inherited)",
				);
				GCC_WARN_64_TO_32_BIT_CONVERSION = YES;
				GCC_WARN_ABOUT_RETURN_TYPE = YES_ERROR;
				GCC_WARN_UNDECLARED_SELECTOR = YES;
				GCC_WARN_UNINITIALIZED_AUTOS = YES_AGGRESSIVE;
				GCC_WARN_UNUSED_FUNCTION = YES;
				GCC_WARN_UNUSED_VARIABLE = YES;
				IPHONEOS_DEPLOYMENT_TARGET = 17.4;
				LOCALIZATION_PREFERS_STRING_CATALOGS = YES;
				MTL_ENABLE_DEBUG_INFO = INCLUDE_SOURCE;
				MTL_FAST_MATH = YES;
				ONLY_ACTIVE_ARCH = YES;
				SDKROOT = iphoneos;
				SWIFT_ACTIVE_COMPILATION_CONDITIONS = "DEBUG $(inherited)";
				SWIFT_OPTIMIZATION_LEVEL = "-Onone";
			};
			name = Debug;
		};
		CD01A9D42BD5B73800D1E32D /* Release */ = {
			isa = XCBuildConfiguration;
			buildSettings = {
				ALWAYS_SEARCH_USER_PATHS = NO;
				ASSETCATALOG_COMPILER_GENERATE_SWIFT_ASSET_SYMBOL_EXTENSIONS = YES;
				CLANG_ANALYZER_NONNULL = YES;
				CLANG_ANALYZER_NUMBER_OBJECT_CONVERSION = YES_AGGRESSIVE;
				CLANG_CXX_LANGUAGE_STANDARD = "gnu++20";
				CLANG_ENABLE_MODULES = YES;
				CLANG_ENABLE_OBJC_ARC = YES;
				CLANG_ENABLE_OBJC_WEAK = YES;
				CLANG_WARN_BLOCK_CAPTURE_AUTORELEASING = YES;
				CLANG_WARN_BOOL_CONVERSION = YES;
				CLANG_WARN_COMMA = YES;
				CLANG_WARN_CONSTANT_CONVERSION = YES;
				CLANG_WARN_DEPRECATED_OBJC_IMPLEMENTATIONS = YES;
				CLANG_WARN_DIRECT_OBJC_ISA_USAGE = YES_ERROR;
				CLANG_WARN_DOCUMENTATION_COMMENTS = YES;
				CLANG_WARN_EMPTY_BODY = YES;
				CLANG_WARN_ENUM_CONVERSION = YES;
				CLANG_WARN_INFINITE_RECURSION = YES;
				CLANG_WARN_INT_CONVERSION = YES;
				CLANG_WARN_NON_LITERAL_NULL_CONVERSION = YES;
				CLANG_WARN_OBJC_IMPLICIT_RETAIN_SELF = YES;
				CLANG_WARN_OBJC_LITERAL_CONVERSION = YES;
				CLANG_WARN_OBJC_ROOT_CLASS = YES_ERROR;
				CLANG_WARN_QUOTED_INCLUDE_IN_FRAMEWORK_HEADER = YES;
				CLANG_WARN_RANGE_LOOP_ANALYSIS = YES;
				CLANG_WARN_STRICT_PROTOTYPES = YES;
				CLANG_WARN_SUSPICIOUS_MOVE = YES;
				CLANG_WARN_UNGUARDED_AVAILABILITY = YES_AGGRESSIVE;
				CLANG_WARN_UNREACHABLE_CODE = YES;
				CLANG_WARN__DUPLICATE_METHOD_MATCH = YES;
				COPY_PHASE_STRIP = NO;
				DEBUG_INFORMATION_FORMAT = "dwarf-with-dsym";
				ENABLE_NS_ASSERTIONS = NO;
				ENABLE_STRICT_OBJC_MSGSEND = YES;
				ENABLE_USER_SCRIPT_SANDBOXING = YES;
				GCC_C_LANGUAGE_STANDARD = gnu17;
				GCC_NO_COMMON_BLOCKS = YES;
				GCC_WARN_64_TO_32_BIT_CONVERSION = YES;
				GCC_WARN_ABOUT_RETURN_TYPE = YES_ERROR;
				GCC_WARN_UNDECLARED_SELECTOR = YES;
				GCC_WARN_UNINITIALIZED_AUTOS = YES_AGGRESSIVE;
				GCC_WARN_UNUSED_FUNCTION = YES;
				GCC_WARN_UNUSED_VARIABLE = YES;
				IPHONEOS_DEPLOYMENT_TARGET = 17.4;
				LOCALIZATION_PREFERS_STRING_CATALOGS = YES;
				MTL_ENABLE_DEBUG_INFO = NO;
				MTL_FAST_MATH = YES;
				SDKROOT = iphoneos;
				SWIFT_COMPILATION_MODE = wholemodule;
				VALIDATE_PRODUCT = YES;
			};
			name = Release;
		};
		CD01A9D62BD5B73800D1E32D /* Debug */ = {
			isa = XCBuildConfiguration;
			buildSettings = {
				ASSETCATALOG_COMPILER_APPICON_NAME = AppIcon;
				ASSETCATALOG_COMPILER_GLOBAL_ACCENT_COLOR_NAME = AccentColor;
				CODE_SIGN_STYLE = Automatic;
				CURRENT_PROJECT_VERSION = 1;
				DEVELOPMENT_ASSET_PATHS = "\"HabitSetter/Preview Content\"";
				DEVELOPMENT_TEAM = WZW96Y53G3;
				ENABLE_PREVIEWS = YES;
				GENERATE_INFOPLIST_FILE = YES;
				INFOPLIST_KEY_UIApplicationSceneManifest_Generation = YES;
				INFOPLIST_KEY_UIApplicationSupportsIndirectInputEvents = YES;
				INFOPLIST_KEY_UILaunchScreen_Generation = YES;
				INFOPLIST_KEY_UISupportedInterfaceOrientations_iPad = "UIInterfaceOrientationPortrait UIInterfaceOrientationPortraitUpsideDown UIInterfaceOrientationLandscapeLeft UIInterfaceOrientationLandscapeRight";
				INFOPLIST_KEY_UISupportedInterfaceOrientations_iPhone = "UIInterfaceOrientationPortrait UIInterfaceOrientationLandscapeLeft UIInterfaceOrientationLandscapeRight";
				LD_RUNPATH_SEARCH_PATHS = (
					"$(inherited)",
					"@executable_path/Frameworks",
				);
				MARKETING_VERSION = 1.0;
				PRODUCT_BUNDLE_IDENTIFIER = maax.HabitSetter;
				PRODUCT_NAME = "$(TARGET_NAME)";
				SWIFT_EMIT_LOC_STRINGS = YES;
				SWIFT_VERSION = 5.0;
				TARGETED_DEVICE_FAMILY = "1,2";
			};
			name = Debug;
		};
		CD01A9D72BD5B73800D1E32D /* Release */ = {
			isa = XCBuildConfiguration;
			buildSettings = {
				ASSETCATALOG_COMPILER_APPICON_NAME = AppIcon;
				ASSETCATALOG_COMPILER_GLOBAL_ACCENT_COLOR_NAME = AccentColor;
				CODE_SIGN_STYLE = Automatic;
				CURRENT_PROJECT_VERSION = 1;
				DEVELOPMENT_ASSET_PATHS = "\"HabitSetter/Preview Content\"";
				DEVELOPMENT_TEAM = WZW96Y53G3;
				ENABLE_PREVIEWS = YES;
				GENERATE_INFOPLIST_FILE = YES;
				INFOPLIST_KEY_UIApplicationSceneManifest_Generation = YES;
				INFOPLIST_KEY_UIApplicationSupportsIndirectInputEvents = YES;
				INFOPLIST_KEY_UILaunchScreen_Generation = YES;
				INFOPLIST_KEY_UISupportedInterfaceOrientations_iPad = "UIInterfaceOrientationPortrait UIInterfaceOrientationPortraitUpsideDown UIInterfaceOrientationLandscapeLeft UIInterfaceOrientationLandscapeRight";
				INFOPLIST_KEY_UISupportedInterfaceOrientations_iPhone = "UIInterfaceOrientationPortrait UIInterfaceOrientationLandscapeLeft UIInterfaceOrientationLandscapeRight";
				LD_RUNPATH_SEARCH_PATHS = (
					"$(inherited)",
					"@executable_path/Frameworks",
				);
				MARKETING_VERSION = 1.0;
				PRODUCT_BUNDLE_IDENTIFIER = maax.HabitSetter;
				PRODUCT_NAME = "$(TARGET_NAME)";
				SWIFT_EMIT_LOC_STRINGS = YES;
				SWIFT_VERSION = 5.0;
				TARGETED_DEVICE_FAMILY = "1,2";
			};
			name = Release;
		};
		CD01A9D92BD5B73800D1E32D /* Debug */ = {
			isa = XCBuildConfiguration;
			buildSettings = {
				ALWAYS_EMBED_SWIFT_STANDARD_LIBRARIES = YES;
				BUNDLE_LOADER = "$(TEST_HOST)";
				CODE_SIGN_STYLE = Automatic;
				CURRENT_PROJECT_VERSION = 1;
				DEVELOPMENT_TEAM = WZW96Y53G3;
				GENERATE_INFOPLIST_FILE = YES;
				IPHONEOS_DEPLOYMENT_TARGET = 17.4;
				MARKETING_VERSION = 1.0;
				PRODUCT_BUNDLE_IDENTIFIER = maax.HabitSetterTests;
				PRODUCT_NAME = "$(TARGET_NAME)";
				SWIFT_EMIT_LOC_STRINGS = NO;
				SWIFT_VERSION = 5.0;
				TARGETED_DEVICE_FAMILY = "1,2";
				TEST_HOST = "$(BUILT_PRODUCTS_DIR)/HabitSetter.app/$(BUNDLE_EXECUTABLE_FOLDER_PATH)/HabitSetter";
			};
			name = Debug;
		};
		CD01A9DA2BD5B73800D1E32D /* Release */ = {
			isa = XCBuildConfiguration;
			buildSettings = {
				ALWAYS_EMBED_SWIFT_STANDARD_LIBRARIES = YES;
				BUNDLE_LOADER = "$(TEST_HOST)";
				CODE_SIGN_STYLE = Automatic;
				CURRENT_PROJECT_VERSION = 1;
				DEVELOPMENT_TEAM = WZW96Y53G3;
				GENERATE_INFOPLIST_FILE = YES;
				IPHONEOS_DEPLOYMENT_TARGET = 17.4;
				MARKETING_VERSION = 1.0;
				PRODUCT_BUNDLE_IDENTIFIER = maax.HabitSetterTests;
				PRODUCT_NAME = "$(TARGET_NAME)";
				SWIFT_EMIT_LOC_STRINGS = NO;
				SWIFT_VERSION = 5.0;
				TARGETED_DEVICE_FAMILY = "1,2";
				TEST_HOST = "$(BUILT_PRODUCTS_DIR)/HabitSetter.app/$(BUNDLE_EXECUTABLE_FOLDER_PATH)/HabitSetter";
			};
			name = Release;
		};
		CD01A9DC2BD5B73800D1E32D /* Debug */ = {
			isa = XCBuildConfiguration;
			buildSettings = {
				ALWAYS_EMBED_SWIFT_STANDARD_LIBRARIES = YES;
				CODE_SIGN_STYLE = Automatic;
				CURRENT_PROJECT_VERSION = 1;
				DEVELOPMENT_TEAM = WZW96Y53G3;
				GENERATE_INFOPLIST_FILE = YES;
				MARKETING_VERSION = 1.0;
				PRODUCT_BUNDLE_IDENTIFIER = maax.HabitSetterUITests;
				PRODUCT_NAME = "$(TARGET_NAME)";
				SWIFT_EMIT_LOC_STRINGS = NO;
				SWIFT_VERSION = 5.0;
				TARGETED_DEVICE_FAMILY = "1,2";
				TEST_TARGET_NAME = HabitSetter;
			};
			name = Debug;
		};
		CD01A9DD2BD5B73800D1E32D /* Release */ = {
			isa = XCBuildConfiguration;
			buildSettings = {
				ALWAYS_EMBED_SWIFT_STANDARD_LIBRARIES = YES;
				CODE_SIGN_STYLE = Automatic;
				CURRENT_PROJECT_VERSION = 1;
				DEVELOPMENT_TEAM = WZW96Y53G3;
				GENERATE_INFOPLIST_FILE = YES;
				MARKETING_VERSION = 1.0;
				PRODUCT_BUNDLE_IDENTIFIER = maax.HabitSetterUITests;
				PRODUCT_NAME = "$(TARGET_NAME)";
				SWIFT_EMIT_LOC_STRINGS = NO;
				SWIFT_VERSION = 5.0;
				TARGETED_DEVICE_FAMILY = "1,2";
				TEST_TARGET_NAME = HabitSetter;
			};
			name = Release;
		};
/* End XCBuildConfiguration section */

/* Begin XCConfigurationList section */
		CD01A9AC2BD5B73600D1E32D /* Build configuration list for PBXProject "HabitSetter" */ = {
			isa = XCConfigurationList;
			buildConfigurations = (
				CD01A9D32BD5B73800D1E32D /* Debug */,
				CD01A9D42BD5B73800D1E32D /* Release */,
			);
			defaultConfigurationIsVisible = 0;
			defaultConfigurationName = Release;
		};
		CD01A9D52BD5B73800D1E32D /* Build configuration list for PBXNativeTarget "HabitSetter" */ = {
			isa = XCConfigurationList;
			buildConfigurations = (
				CD01A9D62BD5B73800D1E32D /* Debug */,
				CD01A9D72BD5B73800D1E32D /* Release */,
			);
			defaultConfigurationIsVisible = 0;
			defaultConfigurationName = Release;
		};
		CD01A9D82BD5B73800D1E32D /* Build configuration list for PBXNativeTarget "HabitSetterTests" */ = {
			isa = XCConfigurationList;
			buildConfigurations = (
				CD01A9D92BD5B73800D1E32D /* Debug */,
				CD01A9DA2BD5B73800D1E32D /* Release */,
			);
			defaultConfigurationIsVisible = 0;
			defaultConfigurationName = Release;
		};
		CD01A9DB2BD5B73800D1E32D /* Build configuration list for PBXNativeTarget "HabitSetterUITests" */ = {
			isa = XCConfigurationList;
			buildConfigurations = (
				CD01A9DC2BD5B73800D1E32D /* Debug */,
				CD01A9DD2BD5B73800D1E32D /* Release */,
			);
			defaultConfigurationIsVisible = 0;
			defaultConfigurationName = Release;
		};
/* End XCConfigurationList section */

/* Begin XCRemoteSwiftPackageReference section */
		CD01A9E02BD6678800D1E32D /* XCRemoteSwiftPackageReference "firebase-ios-sdk" */ = {
			isa = XCRemoteSwiftPackageReference;
			repositoryURL = "https://github.com/firebase/firebase-ios-sdk";
			requirement = {
				kind = upToNextMajorVersion;
				minimumVersion = 10.24.0;
			};
		};
/* End XCRemoteSwiftPackageReference section */

/* Begin XCSwiftPackageProductDependency section */
		CD01A9E12BD6678800D1E32D /* FirebaseAnalytics */ = {
			isa = XCSwiftPackageProductDependency;
			package = CD01A9E02BD6678800D1E32D /* XCRemoteSwiftPackageReference "firebase-ios-sdk" */;
			productName = FirebaseAnalytics;
		};
		CD01A9E32BD6678800D1E32D /* FirebaseAnalyticsSwift */ = {
			isa = XCSwiftPackageProductDependency;
			package = CD01A9E02BD6678800D1E32D /* XCRemoteSwiftPackageReference "firebase-ios-sdk" */;
			productName = FirebaseAnalyticsSwift;
		};
		CD01A9E52BD6678800D1E32D /* FirebaseAuth */ = {
			isa = XCSwiftPackageProductDependency;
			package = CD01A9E02BD6678800D1E32D /* XCRemoteSwiftPackageReference "firebase-ios-sdk" */;
			productName = FirebaseAuth;
		};
		CD01A9E72BD6678800D1E32D /* FirebaseFirestore */ = {
			isa = XCSwiftPackageProductDependency;
			package = CD01A9E02BD6678800D1E32D /* XCRemoteSwiftPackageReference "firebase-ios-sdk" */;
			productName = FirebaseFirestore;
		};
		CD01A9E92BD6678800D1E32D /* FirebaseFirestoreSwift */ = {
			isa = XCSwiftPackageProductDependency;
			package = CD01A9E02BD6678800D1E32D /* XCRemoteSwiftPackageReference "firebase-ios-sdk" */;
			productName = FirebaseFirestoreSwift;
		};
		CD01A9EB2BD6678800D1E32D /* FirebaseMessaging */ = {
			isa = XCSwiftPackageProductDependency;
			package = CD01A9E02BD6678800D1E32D /* XCRemoteSwiftPackageReference "firebase-ios-sdk" */;
			productName = FirebaseMessaging;
		};
		CD01A9ED2BD6678800D1E32D /* FirebaseStorage */ = {
			isa = XCSwiftPackageProductDependency;
			package = CD01A9E02BD6678800D1E32D /* XCRemoteSwiftPackageReference "firebase-ios-sdk" */;
			productName = FirebaseStorage;
		};
/* End XCSwiftPackageProductDependency section */
	};
	rootObject = CD01A9A92BD5B73600D1E32D /* Project object */;
}
